
Microsoft Visual Studio Solution File, Format Version 12.00
# Visual Studio 14
VisualStudioVersion = 14.0.25420.1
MinimumVisualStudioVersion = 10.0.40219.1
Project("{FAE04EC0-301F-11D3-BF4B-00C04F79EFBC}") = "SocketServidor", "SocketServidor\SocketServidor.csproj", "{F76897B4-F274-45AB-967A-8BB1BC81B8FD}"
EndProject
Global
	GlobalSection(SolutionConfigurationPlatforms) = preSolution
		Debug|Any CPU = Debug|Any CPU
		Release|Any CPU = Release|Any CPU
	EndGlobalSection
	GlobalSection(ProjectConfigurationPlatforms) = postSolution
		{F76897B4-F274-45AB-967A-8BB1BC81B8FD}.Debug|Any CPU.ActiveCfg = Debug|Any CPU
		{F76897B4-F274-45AB-967A-8BB1BC81B8FD}.Debug|Any CPU.Build.0 = Debug|Any CPU
		{F76897B4-F274-45AB-967A-8BB1BC81B8FD}.Release|Any CPU.ActiveCfg = Release|Any CPU
		{F76897B4-F274-45AB-967A-8BB1BC81B8FD}.Release|Any CPU.Build.0 = Release|Any CPU
	EndGlobalSection
	GlobalSection(SolutionProperties) = preSolution
		HideSolutionNode = FALSE
	EndGlobalSection
EndGlobal
